// !$*UTF8*$!
{
	archiveVersion = 1;
	classes = {
	};
	objectVersion = 50;
	objects = {

/* Begin PBXBuildFile section */
		3B4CBD8E24031D540020FDE3 /* ComicDetailView.swift in Sources */ = {isa = PBXBuildFile; fileRef = 3B4CBD8D24031D540020FDE3 /* ComicDetailView.swift */; };
		3B4CBD90240320F60020FDE3 /* ComicDetailViewModel.swift in Sources */ = {isa = PBXBuildFile; fileRef = 3B4CBD8F240320F60020FDE3 /* ComicDetailViewModel.swift */; };
		3B4CBD932403308A0020FDE3 /* HomeViewModelTest.swift in Sources */ = {isa = PBXBuildFile; fileRef = 3B4CBD922403308A0020FDE3 /* HomeViewModelTest.swift */; };
		3BA181C3240165CE0054F6DD /* AppDelegate.swift in Sources */ = {isa = PBXBuildFile; fileRef = 3BA181C2240165CE0054F6DD /* AppDelegate.swift */; };
		3BA181C5240165CE0054F6DD /* SceneDelegate.swift in Sources */ = {isa = PBXBuildFile; fileRef = 3BA181C4240165CE0054F6DD /* SceneDelegate.swift */; };
		3BA181C7240165CE0054F6DD /* HomeController.swift in Sources */ = {isa = PBXBuildFile; fileRef = 3BA181C6240165CE0054F6DD /* HomeController.swift */; };
		3BA181CC240165CF0054F6DD /* Assets.xcassets in Resources */ = {isa = PBXBuildFile; fileRef = 3BA181CB240165CF0054F6DD /* Assets.xcassets */; };
		3BA181CF240165CF0054F6DD /* LaunchScreen.storyboard in Resources */ = {isa = PBXBuildFile; fileRef = 3BA181CD240165CF0054F6DD /* LaunchScreen.storyboard */; };
		3BA181E6240167080054F6DD /* Coordinator.swift in Sources */ = {isa = PBXBuildFile; fileRef = 3BA181E5240167080054F6DD /* Coordinator.swift */; };
		3BA181E7240167080054F6DD /* Coordinator.swift in Sources */ = {isa = PBXBuildFile; fileRef = 3BA181E5240167080054F6DD /* Coordinator.swift */; };
		3BA181E9240187EC0054F6DD /* RootCoordinator.swift in Sources */ = {isa = PBXBuildFile; fileRef = 3BA181E8240187EC0054F6DD /* RootCoordinator.swift */; };
		3BA181EA240187EC0054F6DD /* RootCoordinator.swift in Sources */ = {isa = PBXBuildFile; fileRef = 3BA181E8240187EC0054F6DD /* RootCoordinator.swift */; };
		3BA181F024018A350054F6DD /* Default-568h@2x.png in Resources */ = {isa = PBXBuildFile; fileRef = 3BA181EF24018A350054F6DD /* Default-568h@2x.png */; };
		3BA181F524018B0A0054F6DD /* URLSessionProtocol.swift in Sources */ = {isa = PBXBuildFile; fileRef = 3BA181F424018B0A0054F6DD /* URLSessionProtocol.swift */; };
		3BA181F624018B0A0054F6DD /* URLSessionProtocol.swift in Sources */ = {isa = PBXBuildFile; fileRef = 3BA181F424018B0A0054F6DD /* URLSessionProtocol.swift */; };
		3BA181F824018B260054F6DD /* URLSessionDataTaskProtocol.swift in Sources */ = {isa = PBXBuildFile; fileRef = 3BA181F724018B260054F6DD /* URLSessionDataTaskProtocol.swift */; };
		3BA181F924018B260054F6DD /* URLSessionDataTaskProtocol.swift in Sources */ = {isa = PBXBuildFile; fileRef = 3BA181F724018B260054F6DD /* URLSessionDataTaskProtocol.swift */; };
		3BA181FC24018B470054F6DD /* ImageService.swift in Sources */ = {isa = PBXBuildFile; fileRef = 3BA181FB24018B470054F6DD /* ImageService.swift */; };
		3BA181FD24018B470054F6DD /* ImageService.swift in Sources */ = {isa = PBXBuildFile; fileRef = 3BA181FB24018B470054F6DD /* ImageService.swift */; };
		3BA181FF24018B5F0054F6DD /* ImageCache.swift in Sources */ = {isa = PBXBuildFile; fileRef = 3BA181FE24018B5F0054F6DD /* ImageCache.swift */; };
		3BA1820024018B5F0054F6DD /* ImageCache.swift in Sources */ = {isa = PBXBuildFile; fileRef = 3BA181FE24018B5F0054F6DD /* ImageCache.swift */; };
		3BA1820224018B7D0054F6DD /* NetworkManager.swift in Sources */ = {isa = PBXBuildFile; fileRef = 3BA1820124018B7D0054F6DD /* NetworkManager.swift */; };
		3BA1820324018B7D0054F6DD /* NetworkManager.swift in Sources */ = {isa = PBXBuildFile; fileRef = 3BA1820124018B7D0054F6DD /* NetworkManager.swift */; };
		3BA1820524018B980054F6DD /* URLs.swift in Sources */ = {isa = PBXBuildFile; fileRef = 3BA1820424018B980054F6DD /* URLs.swift */; };
		3BA1820624018B980054F6DD /* URLs.swift in Sources */ = {isa = PBXBuildFile; fileRef = 3BA1820424018B980054F6DD /* URLs.swift */; };
		3BA1820824018BF50054F6DD /* MarvelImageService.swift in Sources */ = {isa = PBXBuildFile; fileRef = 3BA1820724018BF50054F6DD /* MarvelImageService.swift */; };
		3BA1820924018BF50054F6DD /* MarvelImageService.swift in Sources */ = {isa = PBXBuildFile; fileRef = 3BA1820724018BF50054F6DD /* MarvelImageService.swift */; };
		3BA1820B24018C170054F6DD /* MarvelService.swift in Sources */ = {isa = PBXBuildFile; fileRef = 3BA1820A24018C170054F6DD /* MarvelService.swift */; };
		3BA1820C24018C170054F6DD /* MarvelService.swift in Sources */ = {isa = PBXBuildFile; fileRef = 3BA1820A24018C170054F6DD /* MarvelService.swift */; };
		3BA1820E24018C3E0054F6DD /* MarvelResponseModel.swift in Sources */ = {isa = PBXBuildFile; fileRef = 3BA1820D24018C3E0054F6DD /* MarvelResponseModel.swift */; };
		3BA1820F24018C3E0054F6DD /* MarvelResponseModel.swift in Sources */ = {isa = PBXBuildFile; fileRef = 3BA1820D24018C3E0054F6DD /* MarvelResponseModel.swift */; };
		3BA182122401905B0054F6DD /* HomeViewModel.swift in Sources */ = {isa = PBXBuildFile; fileRef = 3BA182112401905B0054F6DD /* HomeViewModel.swift */; };
		3BA182132401905B0054F6DD /* HomeViewModel.swift in Sources */ = {isa = PBXBuildFile; fileRef = 3BA182112401905B0054F6DD /* HomeViewModel.swift */; };
		3BA18216240198BC0054F6DD /* ComicDetailController.swift in Sources */ = {isa = PBXBuildFile; fileRef = 3BA18215240198BC0054F6DD /* ComicDetailController.swift */; };
		3BA18217240198BC0054F6DD /* ComicDetailController.swift in Sources */ = {isa = PBXBuildFile; fileRef = 3BA18215240198BC0054F6DD /* ComicDetailController.swift */; };
		3BA182192402A6C50054F6DD /* ComicCell.swift in Sources */ = {isa = PBXBuildFile; fileRef = 3BA182182402A6C50054F6DD /* ComicCell.swift */; };
		3BA1821A2402A6C50054F6DD /* ComicCell.swift in Sources */ = {isa = PBXBuildFile; fileRef = 3BA182182402A6C50054F6DD /* ComicCell.swift */; };
		3BB4BD202402E02700DD539C /* RootCoordinatorTest.swift in Sources */ = {isa = PBXBuildFile; fileRef = 3BB4BD1F2402E02700DD539C /* RootCoordinatorTest.swift */; };
		3BB4BD212402E16100DD539C /* HomeController.swift in Sources */ = {isa = PBXBuildFile; fileRef = 3BA181C6240165CE0054F6DD /* HomeController.swift */; };
		3BB4BD242402E2BA00DD539C /* NetworkManagerTest.swift in Sources */ = {isa = PBXBuildFile; fileRef = 3BB4BD232402E2BA00DD539C /* NetworkManagerTest.swift */; };
		3BB4BD262402E32000DD539C /* NetworkManagerTest+URLProtocol.swift in Sources */ = {isa = PBXBuildFile; fileRef = 3BB4BD252402E32000DD539C /* NetworkManagerTest+URLProtocol.swift */; };
		3BB4BD282402E36800DD539C /* ImageCacheTest.swift in Sources */ = {isa = PBXBuildFile; fileRef = 3BB4BD272402E36800DD539C /* ImageCacheTest.swift */; };
		3BB4BD302402E57E00DD539C /* MarvelServiceTest.swift in Sources */ = {isa = PBXBuildFile; fileRef = 3BB4BD2F2402E57E00DD539C /* MarvelServiceTest.swift */; };
		3BB4BD322402E63000DD539C /* comics.json in Resources */ = {isa = PBXBuildFile; fileRef = 3BB4BD312402E63000DD539C /* comics.json */; };
		3BB4BD342402EEBF00DD539C /* test.png in Resources */ = {isa = PBXBuildFile; fileRef = 3BB4BD332402EEBF00DD539C /* test.png */; };
/* End PBXBuildFile section */

/* Begin PBXContainerItemProxy section */
		3BA181D6240165CF0054F6DD /* PBXContainerItemProxy */ = {
			isa = PBXContainerItemProxy;
			containerPortal = 3BA181B7240165CE0054F6DD /* Project object */;
			proxyType = 1;
			remoteGlobalIDString = 3BA181BE240165CE0054F6DD;
			remoteInfo = MarvelDomBryan;
		};
/* End PBXContainerItemProxy section */

/* Begin PBXFileReference section */
		3B4CBD8D24031D540020FDE3 /* ComicDetailView.swift */ = {isa = PBXFileReference; lastKnownFileType = sourcecode.swift; path = ComicDetailView.swift; sourceTree = "<group>"; };
		3B4CBD8F240320F60020FDE3 /* ComicDetailViewModel.swift */ = {isa = PBXFileReference; lastKnownFileType = sourcecode.swift; path = ComicDetailViewModel.swift; sourceTree = "<group>"; };
		3B4CBD922403308A0020FDE3 /* HomeViewModelTest.swift */ = {isa = PBXFileReference; lastKnownFileType = sourcecode.swift; path = HomeViewModelTest.swift; sourceTree = "<group>"; };
		3BA181BF240165CE0054F6DD /* MarvelDomBryan.app */ = {isa = PBXFileReference; explicitFileType = wrapper.application; includeInIndex = 0; path = MarvelDomBryan.app; sourceTree = BUILT_PRODUCTS_DIR; };
		3BA181C2240165CE0054F6DD /* AppDelegate.swift */ = {isa = PBXFileReference; lastKnownFileType = sourcecode.swift; path = AppDelegate.swift; sourceTree = "<group>"; };
		3BA181C4240165CE0054F6DD /* SceneDelegate.swift */ = {isa = PBXFileReference; lastKnownFileType = sourcecode.swift; path = SceneDelegate.swift; sourceTree = "<group>"; };
		3BA181C6240165CE0054F6DD /* HomeController.swift */ = {isa = PBXFileReference; lastKnownFileType = sourcecode.swift; path = HomeController.swift; sourceTree = "<group>"; };
		3BA181CB240165CF0054F6DD /* Assets.xcassets */ = {isa = PBXFileReference; lastKnownFileType = folder.assetcatalog; path = Assets.xcassets; sourceTree = "<group>"; };
		3BA181CE240165CF0054F6DD /* Base */ = {isa = PBXFileReference; lastKnownFileType = file.storyboard; name = Base; path = Base.lproj/LaunchScreen.storyboard; sourceTree = "<group>"; };
		3BA181D0240165CF0054F6DD /* Info.plist */ = {isa = PBXFileReference; lastKnownFileType = text.plist.xml; path = Info.plist; sourceTree = "<group>"; };
		3BA181D5240165CF0054F6DD /* MarvelDomBryanTests.xctest */ = {isa = PBXFileReference; explicitFileType = wrapper.cfbundle; includeInIndex = 0; path = MarvelDomBryanTests.xctest; sourceTree = BUILT_PRODUCTS_DIR; };
		3BA181DB240165CF0054F6DD /* Info.plist */ = {isa = PBXFileReference; lastKnownFileType = text.plist.xml; path = Info.plist; sourceTree = "<group>"; };
		3BA181E5240167080054F6DD /* Coordinator.swift */ = {isa = PBXFileReference; lastKnownFileType = sourcecode.swift; path = Coordinator.swift; sourceTree = "<group>"; };
		3BA181E8240187EC0054F6DD /* RootCoordinator.swift */ = {isa = PBXFileReference; lastKnownFileType = sourcecode.swift; path = RootCoordinator.swift; sourceTree = "<group>"; };
		3BA181EF24018A350054F6DD /* Default-568h@2x.png */ = {isa = PBXFileReference; lastKnownFileType = image.png; path = "Default-568h@2x.png"; sourceTree = "<group>"; };
		3BA181F424018B0A0054F6DD /* URLSessionProtocol.swift */ = {isa = PBXFileReference; lastKnownFileType = sourcecode.swift; path = URLSessionProtocol.swift; sourceTree = "<group>"; };
		3BA181F724018B260054F6DD /* URLSessionDataTaskProtocol.swift */ = {isa = PBXFileReference; lastKnownFileType = sourcecode.swift; path = URLSessionDataTaskProtocol.swift; sourceTree = "<group>"; };
		3BA181FB24018B470054F6DD /* ImageService.swift */ = {isa = PBXFileReference; lastKnownFileType = sourcecode.swift; path = ImageService.swift; sourceTree = "<group>"; };
		3BA181FE24018B5F0054F6DD /* ImageCache.swift */ = {isa = PBXFileReference; lastKnownFileType = sourcecode.swift; path = ImageCache.swift; sourceTree = "<group>"; };
		3BA1820124018B7D0054F6DD /* NetworkManager.swift */ = {isa = PBXFileReference; lastKnownFileType = sourcecode.swift; path = NetworkManager.swift; sourceTree = "<group>"; };
		3BA1820424018B980054F6DD /* URLs.swift */ = {isa = PBXFileReference; lastKnownFileType = sourcecode.swift; path = URLs.swift; sourceTree = "<group>"; };
		3BA1820724018BF50054F6DD /* MarvelImageService.swift */ = {isa = PBXFileReference; lastKnownFileType = sourcecode.swift; path = MarvelImageService.swift; sourceTree = "<group>"; };
		3BA1820A24018C170054F6DD /* MarvelService.swift */ = {isa = PBXFileReference; lastKnownFileType = sourcecode.swift; path = MarvelService.swift; sourceTree = "<group>"; };
		3BA1820D24018C3E0054F6DD /* MarvelResponseModel.swift */ = {isa = PBXFileReference; lastKnownFileType = sourcecode.swift; path = MarvelResponseModel.swift; sourceTree = "<group>"; };
		3BA182112401905B0054F6DD /* HomeViewModel.swift */ = {isa = PBXFileReference; lastKnownFileType = sourcecode.swift; path = HomeViewModel.swift; sourceTree = "<group>"; };
		3BA18215240198BC0054F6DD /* ComicDetailController.swift */ = {isa = PBXFileReference; lastKnownFileType = sourcecode.swift; path = ComicDetailController.swift; sourceTree = "<group>"; };
		3BA182182402A6C50054F6DD /* ComicCell.swift */ = {isa = PBXFileReference; lastKnownFileType = sourcecode.swift; path = ComicCell.swift; sourceTree = "<group>"; };
		3BB4BD1F2402E02700DD539C /* RootCoordinatorTest.swift */ = {isa = PBXFileReference; lastKnownFileType = sourcecode.swift; path = RootCoordinatorTest.swift; sourceTree = "<group>"; };
		3BB4BD232402E2BA00DD539C /* NetworkManagerTest.swift */ = {isa = PBXFileReference; lastKnownFileType = sourcecode.swift; path = NetworkManagerTest.swift; sourceTree = "<group>"; };
		3BB4BD252402E32000DD539C /* NetworkManagerTest+URLProtocol.swift */ = {isa = PBXFileReference; lastKnownFileType = sourcecode.swift; path = "NetworkManagerTest+URLProtocol.swift"; sourceTree = "<group>"; };
		3BB4BD272402E36800DD539C /* ImageCacheTest.swift */ = {isa = PBXFileReference; lastKnownFileType = sourcecode.swift; path = ImageCacheTest.swift; sourceTree = "<group>"; };
		3BB4BD2F2402E57E00DD539C /* MarvelServiceTest.swift */ = {isa = PBXFileReference; lastKnownFileType = sourcecode.swift; path = MarvelServiceTest.swift; sourceTree = "<group>"; };
		3BB4BD312402E63000DD539C /* comics.json */ = {isa = PBXFileReference; fileEncoding = 4; lastKnownFileType = text.json; path = comics.json; sourceTree = "<group>"; };
		3BB4BD332402EEBF00DD539C /* test.png */ = {isa = PBXFileReference; lastKnownFileType = image.png; path = test.png; sourceTree = "<group>"; };
/* End PBXFileReference section */

/* Begin PBXFrameworksBuildPhase section */
		3BA181BC240165CE0054F6DD /* Frameworks */ = {
			isa = PBXFrameworksBuildPhase;
			buildActionMask = 2147483647;
			files = (
			);
			runOnlyForDeploymentPostprocessing = 0;
		};
		3BA181D2240165CF0054F6DD /* Frameworks */ = {
			isa = PBXFrameworksBuildPhase;
			buildActionMask = 2147483647;
			files = (
			);
			runOnlyForDeploymentPostprocessing = 0;
		};
/* End PBXFrameworksBuildPhase section */

/* Begin PBXGroup section */
		3B4CBD91240330690020FDE3 /* Home */ = {
			isa = PBXGroup;
			children = (
				3B4CBD922403308A0020FDE3 /* HomeViewModelTest.swift */,
			);
			path = Home;
			sourceTree = "<group>";
		};
		3BA181B6240165CE0054F6DD = {
			isa = PBXGroup;
			children = (
				3BA181C1240165CE0054F6DD /* MarvelDomBryan */,
				3BA181D8240165CF0054F6DD /* MarvelDomBryanTests */,
				3BA181C0240165CE0054F6DD /* Products */,
			);
			sourceTree = "<group>";
		};
		3BA181C0240165CE0054F6DD /* Products */ = {
			isa = PBXGroup;
			children = (
				3BA181BF240165CE0054F6DD /* MarvelDomBryan.app */,
				3BA181D5240165CF0054F6DD /* MarvelDomBryanTests.xctest */,
			);
			name = Products;
			sourceTree = "<group>";
		};
		3BA181C1240165CE0054F6DD /* MarvelDomBryan */ = {
			isa = PBXGroup;
			children = (
				3BA182142401989F0054F6DD /* Comic View */,
				3BA1821024018F6C0054F6DD /* Home */,
				3BA181F124018AAE0054F6DD /* Services */,
				3BA181EE24018A150054F6DD /* Supporting Files */,
				3BA181E4240166860054F6DD /* Coordinator */,
			);
			path = MarvelDomBryan;
			sourceTree = "<group>";
		};
		3BA181D8240165CF0054F6DD /* MarvelDomBryanTests */ = {
			isa = PBXGroup;
			children = (
				3BB4BD292402E3DC00DD539C /* TestData */,
				3BB4BD222402E2A400DD539C /* Services */,
				3BB4BD1E2402E00B00DD539C /* Coordinator */,
				3BA181DB240165CF0054F6DD /* Info.plist */,
			);
			path = MarvelDomBryanTests;
			sourceTree = "<group>";
		};
		3BA181E4240166860054F6DD /* Coordinator */ = {
			isa = PBXGroup;
			children = (
				3BA181E5240167080054F6DD /* Coordinator.swift */,
				3BA181E8240187EC0054F6DD /* RootCoordinator.swift */,
			);
			path = Coordinator;
			sourceTree = "<group>";
		};
		3BA181EE24018A150054F6DD /* Supporting Files */ = {
			isa = PBXGroup;
			children = (
				3BA181EF24018A350054F6DD /* Default-568h@2x.png */,
				3BA181C2240165CE0054F6DD /* AppDelegate.swift */,
				3BA181C4240165CE0054F6DD /* SceneDelegate.swift */,
				3BA181CB240165CF0054F6DD /* Assets.xcassets */,
				3BA181CD240165CF0054F6DD /* LaunchScreen.storyboard */,
				3BA181D0240165CF0054F6DD /* Info.plist */,
			);
			path = "Supporting Files";
			sourceTree = "<group>";
		};
		3BA181F124018AAE0054F6DD /* Services */ = {
			isa = PBXGroup;
			children = (
				3BA181FA24018B370054F6DD /* ImageService */,
				3BA181F324018AEB0054F6DD /* MarvelService */,
				3BA181F224018ADF0054F6DD /* Protocols */,
				3BA1820124018B7D0054F6DD /* NetworkManager.swift */,
				3BA1820424018B980054F6DD /* URLs.swift */,
			);
			path = Services;
			sourceTree = "<group>";
		};
		3BA181F224018ADF0054F6DD /* Protocols */ = {
			isa = PBXGroup;
			children = (
				3BA181F424018B0A0054F6DD /* URLSessionProtocol.swift */,
				3BA181F724018B260054F6DD /* URLSessionDataTaskProtocol.swift */,
			);
			path = Protocols;
			sourceTree = "<group>";
		};
		3BA181F324018AEB0054F6DD /* MarvelService */ = {
			isa = PBXGroup;
			children = (
				3BA1820724018BF50054F6DD /* MarvelImageService.swift */,
				3BA1820A24018C170054F6DD /* MarvelService.swift */,
				3BA1820D24018C3E0054F6DD /* MarvelResponseModel.swift */,
			);
			path = MarvelService;
			sourceTree = "<group>";
		};
		3BA181FA24018B370054F6DD /* ImageService */ = {
			isa = PBXGroup;
			children = (
				3BA181FB24018B470054F6DD /* ImageService.swift */,
				3BA181FE24018B5F0054F6DD /* ImageCache.swift */,
			);
			path = ImageService;
			sourceTree = "<group>";
		};
		3BA1821024018F6C0054F6DD /* Home */ = {
			isa = PBXGroup;
			children = (
				3BA182182402A6C50054F6DD /* ComicCell.swift */,
				3BA181C6240165CE0054F6DD /* HomeController.swift */,
				3BA182112401905B0054F6DD /* HomeViewModel.swift */,
			);
			path = Home;
			sourceTree = "<group>";
		};
		3BA182142401989F0054F6DD /* Comic View */ = {
			isa = PBXGroup;
			children = (
				3BA18215240198BC0054F6DD /* ComicDetailController.swift */,
				3B4CBD8D24031D540020FDE3 /* ComicDetailView.swift */,
				3B4CBD8F240320F60020FDE3 /* ComicDetailViewModel.swift */,
			);
			path = "Comic View";
			sourceTree = "<group>";
		};
		3BB4BD1E2402E00B00DD539C /* Coordinator */ = {
			isa = PBXGroup;
			children = (
				3BB4BD1F2402E02700DD539C /* RootCoordinatorTest.swift */,
			);
			path = Coordinator;
			sourceTree = "<group>";
		};
		3BB4BD222402E2A400DD539C /* Services */ = {
			isa = PBXGroup;
			children = (
				3B4CBD91240330690020FDE3 /* Home */,
				3BB4BD2E2402E56C00DD539C /* Marvel Service */,
				3BB4BD2D2402E56400DD539C /* Image Service */,
				3BB4BD232402E2BA00DD539C /* NetworkManagerTest.swift */,
				3BB4BD252402E32000DD539C /* NetworkManagerTest+URLProtocol.swift */,
			);
			path = Services;
			sourceTree = "<group>";
		};
		3BB4BD292402E3DC00DD539C /* TestData */ = {
			isa = PBXGroup;
			children = (
				3BB4BD332402EEBF00DD539C /* test.png */,
				3BB4BD312402E63000DD539C /* comics.json */,
			);
			path = TestData;
			sourceTree = "<group>";
		};
		3BB4BD2D2402E56400DD539C /* Image Service */ = {
			isa = PBXGroup;
			children = (
				3BB4BD272402E36800DD539C /* ImageCacheTest.swift */,
			);
			path = "Image Service";
			sourceTree = "<group>";
		};
		3BB4BD2E2402E56C00DD539C /* Marvel Service */ = {
			isa = PBXGroup;
			children = (
				3BB4BD2F2402E57E00DD539C /* MarvelServiceTest.swift */,
			);
			path = "Marvel Service";
			sourceTree = "<group>";
		};
/* End PBXGroup section */

/* Begin PBXNativeTarget section */
		3BA181BE240165CE0054F6DD /* MarvelDomBryan */ = {
			isa = PBXNativeTarget;
			buildConfigurationList = 3BA181DE240165CF0054F6DD /* Build configuration list for PBXNativeTarget "MarvelDomBryan" */;
			buildPhases = (
				3BA181BB240165CE0054F6DD /* Sources */,
				3BA181BC240165CE0054F6DD /* Frameworks */,
				3BA181BD240165CE0054F6DD /* Resources */,
			);
			buildRules = (
			);
			dependencies = (
			);
			name = MarvelDomBryan;
			productName = MarvelDomBryan;
			productReference = 3BA181BF240165CE0054F6DD /* MarvelDomBryan.app */;
			productType = "com.apple.product-type.application";
		};
		3BA181D4240165CF0054F6DD /* MarvelDomBryanTests */ = {
			isa = PBXNativeTarget;
			buildConfigurationList = 3BA181E1240165CF0054F6DD /* Build configuration list for PBXNativeTarget "MarvelDomBryanTests" */;
			buildPhases = (
				3BA181D1240165CF0054F6DD /* Sources */,
				3BA181D2240165CF0054F6DD /* Frameworks */,
				3BA181D3240165CF0054F6DD /* Resources */,
			);
			buildRules = (
			);
			dependencies = (
				3BA181D7240165CF0054F6DD /* PBXTargetDependency */,
			);
			name = MarvelDomBryanTests;
			productName = MarvelDomBryanTests;
			productReference = 3BA181D5240165CF0054F6DD /* MarvelDomBryanTests.xctest */;
			productType = "com.apple.product-type.bundle.unit-test";
		};
/* End PBXNativeTarget section */

/* Begin PBXProject section */
		3BA181B7240165CE0054F6DD /* Project object */ = {
			isa = PBXProject;
			attributes = {
				LastSwiftUpdateCheck = 1140;
				LastUpgradeCheck = 1140;
				ORGANIZATIONNAME = "Dom Bryan";
				TargetAttributes = {
					3BA181BE240165CE0054F6DD = {
						CreatedOnToolsVersion = 11.4;
					};
					3BA181D4240165CF0054F6DD = {
						CreatedOnToolsVersion = 11.4;
						TestTargetID = 3BA181BE240165CE0054F6DD;
					};
				};
			};
			buildConfigurationList = 3BA181BA240165CE0054F6DD /* Build configuration list for PBXProject "MarvelDomBryan" */;
			compatibilityVersion = "Xcode 9.3";
			developmentRegion = en;
			hasScannedForEncodings = 0;
			knownRegions = (
				en,
				Base,
			);
			mainGroup = 3BA181B6240165CE0054F6DD;
			productRefGroup = 3BA181C0240165CE0054F6DD /* Products */;
			projectDirPath = "";
			projectRoot = "";
			targets = (
				3BA181BE240165CE0054F6DD /* MarvelDomBryan */,
				3BA181D4240165CF0054F6DD /* MarvelDomBryanTests */,
			);
		};
/* End PBXProject section */

/* Begin PBXResourcesBuildPhase section */
		3BA181BD240165CE0054F6DD /* Resources */ = {
			isa = PBXResourcesBuildPhase;
			buildActionMask = 2147483647;
			files = (
				3BA181CF240165CF0054F6DD /* LaunchScreen.storyboard in Resources */,
				3BA181CC240165CF0054F6DD /* Assets.xcassets in Resources */,
				3BA181F024018A350054F6DD /* Default-568h@2x.png in Resources */,
			);
			runOnlyForDeploymentPostprocessing = 0;
		};
		3BA181D3240165CF0054F6DD /* Resources */ = {
			isa = PBXResourcesBuildPhase;
			buildActionMask = 2147483647;
			files = (
				3BB4BD322402E63000DD539C /* comics.json in Resources */,
				3BB4BD342402EEBF00DD539C /* test.png in Resources */,
			);
			runOnlyForDeploymentPostprocessing = 0;
		};
/* End PBXResourcesBuildPhase section */

/* Begin PBXSourcesBuildPhase section */
		3BA181BB240165CE0054F6DD /* Sources */ = {
			isa = PBXSourcesBuildPhase;
			buildActionMask = 2147483647;
			files = (
				3BA181F524018B0A0054F6DD /* URLSessionProtocol.swift in Sources */,
				3BA181FC24018B470054F6DD /* ImageService.swift in Sources */,
				3BA182192402A6C50054F6DD /* ComicCell.swift in Sources */,
				3B4CBD90240320F60020FDE3 /* ComicDetailViewModel.swift in Sources */,
				3BA1820224018B7D0054F6DD /* NetworkManager.swift in Sources */,
				3BA1820524018B980054F6DD /* URLs.swift in Sources */,
				3BA181E6240167080054F6DD /* Coordinator.swift in Sources */,
				3BA181FF24018B5F0054F6DD /* ImageCache.swift in Sources */,
				3BA181C7240165CE0054F6DD /* HomeController.swift in Sources */,
				3BA181E9240187EC0054F6DD /* RootCoordinator.swift in Sources */,
				3BA18216240198BC0054F6DD /* ComicDetailController.swift in Sources */,
				3BA181F824018B260054F6DD /* URLSessionDataTaskProtocol.swift in Sources */,
				3BA1820E24018C3E0054F6DD /* MarvelResponseModel.swift in Sources */,
				3BA1820B24018C170054F6DD /* MarvelService.swift in Sources */,
				3BA181C3240165CE0054F6DD /* AppDelegate.swift in Sources */,
				3BA1820824018BF50054F6DD /* MarvelImageService.swift in Sources */,
				3BA182122401905B0054F6DD /* HomeViewModel.swift in Sources */,
				3BA181C5240165CE0054F6DD /* SceneDelegate.swift in Sources */,
				3B4CBD8E24031D540020FDE3 /* ComicDetailView.swift in Sources */,
			);
			runOnlyForDeploymentPostprocessing = 0;
		};
		3BA181D1240165CF0054F6DD /* Sources */ = {
			isa = PBXSourcesBuildPhase;
			buildActionMask = 2147483647;
			files = (
				3BA181F624018B0A0054F6DD /* URLSessionProtocol.swift in Sources */,
				3BA1820C24018C170054F6DD /* MarvelService.swift in Sources */,
				3BA18217240198BC0054F6DD /* ComicDetailController.swift in Sources */,
				3BA1820624018B980054F6DD /* URLs.swift in Sources */,
				3BA1820924018BF50054F6DD /* MarvelImageService.swift in Sources */,
				3BA181E7240167080054F6DD /* Coordinator.swift in Sources */,
				3B4CBD932403308A0020FDE3 /* HomeViewModelTest.swift in Sources */,
				3BA181EA240187EC0054F6DD /* RootCoordinator.swift in Sources */,
				3BA1820324018B7D0054F6DD /* NetworkManager.swift in Sources */,
				3BB4BD242402E2BA00DD539C /* NetworkManagerTest.swift in Sources */,
				3BA1821A2402A6C50054F6DD /* ComicCell.swift in Sources */,
				3BB4BD282402E36800DD539C /* ImageCacheTest.swift in Sources */,
				3BA182132401905B0054F6DD /* HomeViewModel.swift in Sources */,
				3BB4BD202402E02700DD539C /* RootCoordinatorTest.swift in Sources */,
				3BA181F924018B260054F6DD /* URLSessionDataTaskProtocol.swift in Sources */,
				3BB4BD212402E16100DD539C /* HomeController.swift in Sources */,
				3BA1820024018B5F0054F6DD /* ImageCache.swift in Sources */,
				3BA181FD24018B470054F6DD /* ImageService.swift in Sources */,
				3BB4BD262402E32000DD539C /* NetworkManagerTest+URLProtocol.swift in Sources */,
				3BB4BD302402E57E00DD539C /* MarvelServiceTest.swift in Sources */,
				3BA1820F24018C3E0054F6DD /* MarvelResponseModel.swift in Sources */,
			);
			runOnlyForDeploymentPostprocessing = 0;
		};
/* End PBXSourcesBuildPhase section */

/* Begin PBXTargetDependency section */
		3BA181D7240165CF0054F6DD /* PBXTargetDependency */ = {
			isa = PBXTargetDependency;
			target = 3BA181BE240165CE0054F6DD /* MarvelDomBryan */;
			targetProxy = 3BA181D6240165CF0054F6DD /* PBXContainerItemProxy */;
		};
/* End PBXTargetDependency section */

/* Begin PBXVariantGroup section */
		3BA181CD240165CF0054F6DD /* LaunchScreen.storyboard */ = {
			isa = PBXVariantGroup;
			children = (
				3BA181CE240165CF0054F6DD /* Base */,
			);
			name = LaunchScreen.storyboard;
			sourceTree = "<group>";
		};
/* End PBXVariantGroup section */

/* Begin XCBuildConfiguration section */
		3BA181DC240165CF0054F6DD /* Debug */ = {
			isa = XCBuildConfiguration;
			buildSettings = {
				ALWAYS_SEARCH_USER_PATHS = NO;
				CLANG_ANALYZER_NONNULL = YES;
				CLANG_ANALYZER_NUMBER_OBJECT_CONVERSION = YES_AGGRESSIVE;
				CLANG_CXX_LANGUAGE_STANDARD = "gnu++14";
				CLANG_CXX_LIBRARY = "libc++";
				CLANG_ENABLE_MODULES = YES;
				CLANG_ENABLE_OBJC_ARC = YES;
				CLANG_ENABLE_OBJC_WEAK = YES;
				CLANG_WARN_BLOCK_CAPTURE_AUTORELEASING = YES;
				CLANG_WARN_BOOL_CONVERSION = YES;
				CLANG_WARN_COMMA = YES;
				CLANG_WARN_CONSTANT_CONVERSION = YES;
				CLANG_WARN_DEPRECATED_OBJC_IMPLEMENTATIONS = YES;
				CLANG_WARN_DIRECT_OBJC_ISA_USAGE = YES_ERROR;
				CLANG_WARN_DOCUMENTATION_COMMENTS = YES;
				CLANG_WARN_EMPTY_BODY = YES;
				CLANG_WARN_ENUM_CONVERSION = YES;
				CLANG_WARN_INFINITE_RECURSION = YES;
				CLANG_WARN_INT_CONVERSION = YES;
				CLANG_WARN_NON_LITERAL_NULL_CONVERSION = YES;
				CLANG_WARN_OBJC_IMPLICIT_RETAIN_SELF = YES;
				CLANG_WARN_OBJC_LITERAL_CONVERSION = YES;
				CLANG_WARN_OBJC_ROOT_CLASS = YES_ERROR;
				CLANG_WARN_RANGE_LOOP_ANALYSIS = YES;
				CLANG_WARN_STRICT_PROTOTYPES = YES;
				CLANG_WARN_SUSPICIOUS_MOVE = YES;
				CLANG_WARN_UNGUARDED_AVAILABILITY = YES_AGGRESSIVE;
				CLANG_WARN_UNREACHABLE_CODE = YES;
				CLANG_WARN__DUPLICATE_METHOD_MATCH = YES;
				COPY_PHASE_STRIP = NO;
				DEBUG_INFORMATION_FORMAT = dwarf;
				ENABLE_STRICT_OBJC_MSGSEND = YES;
				ENABLE_TESTABILITY = YES;
				GCC_C_LANGUAGE_STANDARD = gnu11;
				GCC_DYNAMIC_NO_PIC = NO;
				GCC_NO_COMMON_BLOCKS = YES;
				GCC_OPTIMIZATION_LEVEL = 0;
				GCC_PREPROCESSOR_DEFINITIONS = (
					"DEBUG=1",
					"$(inherited)",
				);
				GCC_WARN_64_TO_32_BIT_CONVERSION = YES;
				GCC_WARN_ABOUT_RETURN_TYPE = YES_ERROR;
				GCC_WARN_UNDECLARED_SELECTOR = YES;
				GCC_WARN_UNINITIALIZED_AUTOS = YES_AGGRESSIVE;
				GCC_WARN_UNUSED_FUNCTION = YES;
				GCC_WARN_UNUSED_VARIABLE = YES;
				IPHONEOS_DEPLOYMENT_TARGET = 13.0;
				MTL_ENABLE_DEBUG_INFO = INCLUDE_SOURCE;
				MTL_FAST_MATH = YES;
				ONLY_ACTIVE_ARCH = YES;
				SDKROOT = iphoneos;
				SWIFT_ACTIVE_COMPILATION_CONDITIONS = DEBUG;
				SWIFT_OPTIMIZATION_LEVEL = "-Onone";
			};
			name = Debug;
		};
		3BA181DD240165CF0054F6DD /* Release */ = {
			isa = XCBuildConfiguration;
			buildSettings = {
				ALWAYS_SEARCH_USER_PATHS = NO;
				CLANG_ANALYZER_NONNULL = YES;
				CLANG_ANALYZER_NUMBER_OBJECT_CONVERSION = YES_AGGRESSIVE;
				CLANG_CXX_LANGUAGE_STANDARD = "gnu++14";
				CLANG_CXX_LIBRARY = "libc++";
				CLANG_ENABLE_MODULES = YES;
				CLANG_ENABLE_OBJC_ARC = YES;
				CLANG_ENABLE_OBJC_WEAK = YES;
				CLANG_WARN_BLOCK_CAPTURE_AUTORELEASING = YES;
				CLANG_WARN_BOOL_CONVERSION = YES;
				CLANG_WARN_COMMA = YES;
				CLANG_WARN_CONSTANT_CONVERSION = YES;
				CLANG_WARN_DEPRECATED_OBJC_IMPLEMENTATIONS = YES;
				CLANG_WARN_DIRECT_OBJC_ISA_USAGE = YES_ERROR;
				CLANG_WARN_DOCUMENTATION_COMMENTS = YES;
				CLANG_WARN_EMPTY_BODY = YES;
				CLANG_WARN_ENUM_CONVERSION = YES;
				CLANG_WARN_INFINITE_RECURSION = YES;
				CLANG_WARN_INT_CONVERSION = YES;
				CLANG_WARN_NON_LITERAL_NULL_CONVERSION = YES;
				CLANG_WARN_OBJC_IMPLICIT_RETAIN_SELF = YES;
				CLANG_WARN_OBJC_LITERAL_CONVERSION = YES;
				CLANG_WARN_OBJC_ROOT_CLASS = YES_ERROR;
				CLANG_WARN_RANGE_LOOP_ANALYSIS = YES;
				CLANG_WARN_STRICT_PROTOTYPES = YES;
				CLANG_WARN_SUSPICIOUS_MOVE = YES;
				CLANG_WARN_UNGUARDED_AVAILABILITY = YES_AGGRESSIVE;
				CLANG_WARN_UNREACHABLE_CODE = YES;
				CLANG_WARN__DUPLICATE_METHOD_MATCH = YES;
				COPY_PHASE_STRIP = NO;
				DEBUG_INFORMATION_FORMAT = "dwarf-with-dsym";
				ENABLE_NS_ASSERTIONS = NO;
				ENABLE_STRICT_OBJC_MSGSEND = YES;
				GCC_C_LANGUAGE_STANDARD = gnu11;
				GCC_NO_COMMON_BLOCKS = YES;
				GCC_WARN_64_TO_32_BIT_CONVERSION = YES;
				GCC_WARN_ABOUT_RETURN_TYPE = YES_ERROR;
				GCC_WARN_UNDECLARED_SELECTOR = YES;
				GCC_WARN_UNINITIALIZED_AUTOS = YES_AGGRESSIVE;
				GCC_WARN_UNUSED_FUNCTION = YES;
				GCC_WARN_UNUSED_VARIABLE = YES;
				IPHONEOS_DEPLOYMENT_TARGET = 13.0;
				MTL_ENABLE_DEBUG_INFO = NO;
				MTL_FAST_MATH = YES;
				SDKROOT = iphoneos;
				SWIFT_COMPILATION_MODE = wholemodule;
				SWIFT_OPTIMIZATION_LEVEL = "-O";
				VALIDATE_PRODUCT = YES;
			};
			name = Release;
		};
		3BA181DF240165CF0054F6DD /* Debug */ = {
			isa = XCBuildConfiguration;
			buildSettings = {
				ASSETCATALOG_COMPILER_APPICON_NAME = AppIcon;
				CODE_SIGN_STYLE = Automatic;
				DEVELOPMENT_TEAM = JXURA8SX52;
				INFOPLIST_FILE = "MarvelDomBryan/Supporting Files/Info.plist";
				LD_RUNPATH_SEARCH_PATHS = (
					"$(inherited)",
					"@executable_path/Frameworks",
				);
				PRODUCT_BUNDLE_IDENTIFIER = dom.bryan.MarvelDomBryan;
				PRODUCT_NAME = "$(TARGET_NAME)";
				SWIFT_VERSION = 5.0;
				TARGETED_DEVICE_FAMILY = "1,2";
			};
			name = Debug;
		};
		3BA181E0240165CF0054F6DD /* Release */ = {
			isa = XCBuildConfiguration;
			buildSettings = {
				ASSETCATALOG_COMPILER_APPICON_NAME = AppIcon;
				CODE_SIGN_STYLE = Automatic;
				DEVELOPMENT_TEAM = JXURA8SX52;
				INFOPLIST_FILE = "MarvelDomBryan/Supporting Files/Info.plist";
				LD_RUNPATH_SEARCH_PATHS = (
					"$(inherited)",
					"@executable_path/Frameworks",
				);
				PRODUCT_BUNDLE_IDENTIFIER = dom.bryan.MarvelDomBryan;
				PRODUCT_NAME = "$(TARGET_NAME)";
				SWIFT_VERSION = 5.0;
				TARGETED_DEVICE_FAMILY = "1,2";
			};
			name = Release;
		};
		3BA181E2240165CF0054F6DD /* Debug */ = {
			isa = XCBuildConfiguration;
			buildSettings = {
				ALWAYS_EMBED_SWIFT_STANDARD_LIBRARIES = YES;
				BUNDLE_LOADER = "$(TEST_HOST)";
				CODE_SIGN_STYLE = Automatic;
				DEVELOPMENT_TEAM = JXURA8SX52;
				INFOPLIST_FILE = MarvelDomBryanTests/Info.plist;
				IPHONEOS_DEPLOYMENT_TARGET = 13.4;
				LD_RUNPATH_SEARCH_PATHS = (
					"$(inherited)",
					"@executable_path/Frameworks",
					"@loader_path/Frameworks",
				);
				PRODUCT_BUNDLE_IDENTIFIER = dom.bryan.MarvelDomBryanTests;
				PRODUCT_NAME = "$(TARGET_NAME)";
				SWIFT_VERSION = 5.0;
				TARGETED_DEVICE_FAMILY = "1,2";
				TEST_HOST = "$(BUILT_PRODUCTS_DIR)/MarvelDomBryan.app/MarvelDomBryan";
			};
			name = Debug;
		};
		3BA181E3240165CF0054F6DD /* Release */ = {
			isa = XCBuildConfiguration;
			buildSettings = {
				ALWAYS_EMBED_SWIFT_STANDARD_LIBRARIES = YES;
				BUNDLE_LOADER = "$(TEST_HOST)";
				CODE_SIGN_STYLE = Automatic;
				DEVELOPMENT_TEAM = JXURA8SX52;
				INFOPLIST_FILE = MarvelDomBryanTests/Info.plist;
				IPHONEOS_DEPLOYMENT_TARGET = 13.4;
				LD_RUNPATH_SEARCH_PATHS = (
					"$(inherited)",
					"@executable_path/Frameworks",
					"@loader_path/Frameworks",
				);
				PRODUCT_BUNDLE_IDENTIFIER = dom.bryan.MarvelDomBryanTests;
				PRODUCT_NAME = "$(TARGET_NAME)";
				SWIFT_VERSION = 5.0;
				TARGETED_DEVICE_FAMILY = "1,2";
				TEST_HOST = "$(BUILT_PRODUCTS_DIR)/MarvelDomBryan.app/MarvelDomBryan";
			};
			name = Release;
		};
/* End XCBuildConfiguration section */

/* Begin XCConfigurationList section */
		3BA181BA240165CE0054F6DD /* Build configuration list for PBXProject "MarvelDomBryan" */ = {
			isa = XCConfigurationList;
			buildConfigurations = (
				3BA181DC240165CF0054F6DD /* Debug */,
				3BA181DD240165CF0054F6DD /* Release */,
			);
			defaultConfigurationIsVisible = 0;
			defaultConfigurationName = Release;
		};
		3BA181DE240165CF0054F6DD /* Build configuration list for PBXNativeTarget "MarvelDomBryan" */ = {
			isa = XCConfigurationList;
			buildConfigurations = (
				3BA181DF240165CF0054F6DD /* Debug */,
				3BA181E0240165CF0054F6DD /* Release */,
			);
			defaultConfigurationIsVisible = 0;
			defaultConfigurationName = Release;
		};
		3BA181E1240165CF0054F6DD /* Build configuration list for PBXNativeTarget "MarvelDomBryanTests" */ = {
			isa = XCConfigurationList;
			buildConfigurations = (
				3BA181E2240165CF0054F6DD /* Debug */,
				3BA181E3240165CF0054F6DD /* Release */,
			);
			defaultConfigurationIsVisible = 0;
			defaultConfigurationName = Release;
		};
/* End XCConfigurationList section */
	};
	rootObject = 3BA181B7240165CE0054F6DD /* Project object */;
}
